// !$*UTF8*$!
{
	archiveVersion = 1;
	classes = {
	};
	objectVersion = 46;
	objects = {

/* Begin PBXBuildFile section */
		D757CD871BFC3A6D00335795 /* Teacher.m in Sources */ = {isa = PBXBuildFile; fileRef = D757CD861BFC3A6D00335795 /* Teacher.m */; };
		D757CD8A1BFC3A8800335795 /* Student.m in Sources */ = {isa = PBXBuildFile; fileRef = D757CD891BFC3A8800335795 /* Student.m */; };
		D757CD8D1BFC3A9900335795 /* Book.m in Sources */ = {isa = PBXBuildFile; fileRef = D757CD8C1BFC3A9900335795 /* Book.m */; };
		D78185A21BCB551100102759 /* main.m in Sources */ = {isa = PBXBuildFile; fileRef = D78185A11BCB551100102759 /* main.m */; };
		D78185A51BCB551200102759 /* AppDelegate.m in Sources */ = {isa = PBXBuildFile; fileRef = D78185A41BCB551200102759 /* AppDelegate.m */; };
		D78185A81BCB551200102759 /* ViewController.m in Sources */ = {isa = PBXBuildFile; fileRef = D78185A71BCB551200102759 /* ViewController.m */; };
		D78185AB1BCB551200102759 /* Main.storyboard in Resources */ = {isa = PBXBuildFile; fileRef = D78185A91BCB551200102759 /* Main.storyboard */; };
		D78185AD1BCB551200102759 /* Assets.xcassets in Resources */ = {isa = PBXBuildFile; fileRef = D78185AC1BCB551200102759 /* Assets.xcassets */; };
		D78185B01BCB551200102759 /* LaunchScreen.storyboard in Resources */ = {isa = PBXBuildFile; fileRef = D78185AE1BCB551200102759 /* LaunchScreen.storyboard */; };
		D78185BB1BCB551200102759 /* FreeTestTempTests.m in Sources */ = {isa = PBXBuildFile; fileRef = D78185BA1BCB551200102759 /* FreeTestTempTests.m */; };
		D78185C61BCB551200102759 /* FreeTestTempUITests.m in Sources */ = {isa = PBXBuildFile; fileRef = D78185C51BCB551200102759 /* FreeTestTempUITests.m */; };
		D78185D51BCB557100102759 /* ObjWillParsel.m in Sources */ = {isa = PBXBuildFile; fileRef = D78185D41BCB557100102759 /* ObjWillParsel.m */; };
		D78185D81BCB582000102759 /* NSObject+XTFetchProperty.m in Sources */ = {isa = PBXBuildFile; fileRef = D78185D71BCB582000102759 /* NSObject+XTFetchProperty.m */; };
		D78185DB1BCB676700102759 /* Product.m in Sources */ = {isa = PBXBuildFile; fileRef = D78185DA1BCB676700102759 /* Product.m */; };
/* End PBXBuildFile section */

/* Begin PBXContainerItemProxy section */
		D78185B71BCB551200102759 /* PBXContainerItemProxy */ = {
			isa = PBXContainerItemProxy;
			containerPortal = D78185951BCB551100102759 /* Project object */;
			proxyType = 1;
			remoteGlobalIDString = D781859C1BCB551100102759;
			remoteInfo = FreeTestTemp;
		};
		D78185C21BCB551200102759 /* PBXContainerItemProxy */ = {
			isa = PBXContainerItemProxy;
			containerPortal = D78185951BCB551100102759 /* Project object */;
			proxyType = 1;
			remoteGlobalIDString = D781859C1BCB551100102759;
			remoteInfo = FreeTestTemp;
		};
/* End PBXContainerItemProxy section */

/* Begin PBXFileReference section */
		D757CD851BFC3A6D00335795 /* Teacher.h */ = {isa = PBXFileReference; fileEncoding = 4; lastKnownFileType = sourcecode.c.h; path = Teacher.h; sourceTree = "<group>"; };
		D757CD861BFC3A6D00335795 /* Teacher.m */ = {isa = PBXFileReference; fileEncoding = 4; lastKnownFileType = sourcecode.c.objc; path = Teacher.m; sourceTree = "<group>"; };
		D757CD881BFC3A8800335795 /* Student.h */ = {isa = PBXFileReference; fileEncoding = 4; lastKnownFileType = sourcecode.c.h; path = Student.h; sourceTree = "<group>"; };
		D757CD891BFC3A8800335795 /* Student.m */ = {isa = PBXFileReference; fileEncoding = 4; lastKnownFileType = sourcecode.c.objc; path = Student.m; sourceTree = "<group>"; };
		D757CD8B1BFC3A9900335795 /* Book.h */ = {isa = PBXFileReference; fileEncoding = 4; lastKnownFileType = sourcecode.c.h; path = Book.h; sourceTree = "<group>"; };
		D757CD8C1BFC3A9900335795 /* Book.m */ = {isa = PBXFileReference; fileEncoding = 4; lastKnownFileType = sourcecode.c.objc; path = Book.m; sourceTree = "<group>"; };
		D781859D1BCB551100102759 /* KVCdemo.app */ = {isa = PBXFileReference; explicitFileType = wrapper.application; includeInIndex = 0; path = KVCdemo.app; sourceTree = BUILT_PRODUCTS_DIR; };
		D78185A11BCB551100102759 /* main.m */ = {isa = PBXFileReference; lastKnownFileType = sourcecode.c.objc; path = main.m; sourceTree = "<group>"; };
		D78185A31BCB551100102759 /* AppDelegate.h */ = {isa = PBXFileReference; lastKnownFileType = sourcecode.c.h; path = AppDelegate.h; sourceTree = "<group>"; };
		D78185A41BCB551200102759 /* AppDelegate.m */ = {isa = PBXFileReference; lastKnownFileType = sourcecode.c.objc; path = AppDelegate.m; sourceTree = "<group>"; };
		D78185A61BCB551200102759 /* ViewController.h */ = {isa = PBXFileReference; lastKnownFileType = sourcecode.c.h; path = ViewController.h; sourceTree = "<group>"; };
		D78185A71BCB551200102759 /* ViewController.m */ = {isa = PBXFileReference; lastKnownFileType = sourcecode.c.objc; path = ViewController.m; sourceTree = "<group>"; };
		D78185AA1BCB551200102759 /* Base */ = {isa = PBXFileReference; lastKnownFileType = file.storyboard; name = Base; path = Base.lproj/Main.storyboard; sourceTree = "<group>"; };
		D78185AC1BCB551200102759 /* Assets.xcassets */ = {isa = PBXFileReference; lastKnownFileType = folder.assetcatalog; path = Assets.xcassets; sourceTree = "<group>"; };
		D78185AF1BCB551200102759 /* Base */ = {isa = PBXFileReference; lastKnownFileType = file.storyboard; name = Base; path = Base.lproj/LaunchScreen.storyboard; sourceTree = "<group>"; };
		D78185B11BCB551200102759 /* Info.plist */ = {isa = PBXFileReference; lastKnownFileType = text.plist.xml; path = Info.plist; sourceTree = "<group>"; };
		D78185B61BCB551200102759 /* KVCdemo.xctest */ = {isa = PBXFileReference; explicitFileType = wrapper.cfbundle; includeInIndex = 0; path = KVCdemo.xctest; sourceTree = BUILT_PRODUCTS_DIR; };
		D78185BA1BCB551200102759 /* FreeTestTempTests.m */ = {isa = PBXFileReference; lastKnownFileType = sourcecode.c.objc; path = FreeTestTempTests.m; sourceTree = "<group>"; };
		D78185BC1BCB551200102759 /* Info.plist */ = {isa = PBXFileReference; lastKnownFileType = text.plist.xml; path = Info.plist; sourceTree = "<group>"; };
		D78185C11BCB551200102759 /* KVCdemo.xctest */ = {isa = PBXFileReference; explicitFileType = wrapper.cfbundle; includeInIndex = 0; path = KVCdemo.xctest; sourceTree = BUILT_PRODUCTS_DIR; };
		D78185C51BCB551200102759 /* FreeTestTempUITests.m */ = {isa = PBXFileReference; lastKnownFileType = sourcecode.c.objc; path = FreeTestTempUITests.m; sourceTree = "<group>"; };
		D78185C71BCB551200102759 /* Info.plist */ = {isa = PBXFileReference; lastKnownFileType = text.plist.xml; path = Info.plist; sourceTree = "<group>"; };
		D78185D31BCB557100102759 /* ObjWillParsel.h */ = {isa = PBXFileReference; fileEncoding = 4; lastKnownFileType = sourcecode.c.h; path = ObjWillParsel.h; sourceTree = "<group>"; };
		D78185D41BCB557100102759 /* ObjWillParsel.m */ = {isa = PBXFileReference; fileEncoding = 4; lastKnownFileType = sourcecode.c.objc; path = ObjWillParsel.m; sourceTree = "<group>"; };
		D78185D61BCB582000102759 /* NSObject+XTFetchProperty.h */ = {isa = PBXFileReference; fileEncoding = 4; lastKnownFileType = sourcecode.c.h; path = "NSObject+XTFetchProperty.h"; sourceTree = "<group>"; };
		D78185D71BCB582000102759 /* NSObject+XTFetchProperty.m */ = {isa = PBXFileReference; fileEncoding = 4; lastKnownFileType = sourcecode.c.objc; path = "NSObject+XTFetchProperty.m"; sourceTree = "<group>"; };
		D78185D91BCB676700102759 /* Product.h */ = {isa = PBXFileReference; fileEncoding = 4; lastKnownFileType = sourcecode.c.h; path = Product.h; sourceTree = "<group>"; };
		D78185DA1BCB676700102759 /* Product.m */ = {isa = PBXFileReference; fileEncoding = 4; lastKnownFileType = sourcecode.c.objc; path = Product.m; sourceTree = "<group>"; };
/* End PBXFileReference section */

/* Begin PBXFrameworksBuildPhase section */
		D781859A1BCB551100102759 /* Frameworks */ = {
			isa = PBXFrameworksBuildPhase;
			buildActionMask = 2147483647;
			files = (
			);
			runOnlyForDeploymentPostprocessing = 0;
		};
		D78185B31BCB551200102759 /* Frameworks */ = {
			isa = PBXFrameworksBuildPhase;
			buildActionMask = 2147483647;
			files = (
			);
			runOnlyForDeploymentPostprocessing = 0;
		};
		D78185BE1BCB551200102759 /* Frameworks */ = {
			isa = PBXFrameworksBuildPhase;
			buildActionMask = 2147483647;
			files = (
			);
			runOnlyForDeploymentPostprocessing = 0;
		};
/* End PBXFrameworksBuildPhase section */

/* Begin PBXGroup section */
		D757CD841BFC3A2E00335795 /* People */ = {
			isa = PBXGroup;
			children = (
				D757CD851BFC3A6D00335795 /* Teacher.h */,
				D757CD861BFC3A6D00335795 /* Teacher.m */,
				D757CD881BFC3A8800335795 /* Student.h */,
				D757CD891BFC3A8800335795 /* Student.m */,
				D757CD8B1BFC3A9900335795 /* Book.h */,
				D757CD8C1BFC3A9900335795 /* Book.m */,
			);
			name = People;
			sourceTree = "<group>";
		};
		D78185941BCB551100102759 = {
			isa = PBXGroup;
			children = (
				D781859F1BCB551100102759 /* KVCdemo */,
				D78185B91BCB551200102759 /* FreeTestTempTests */,
				D78185C41BCB551200102759 /* FreeTestTempUITests */,
				D781859E1BCB551100102759 /* Products */,
			);
			sourceTree = "<group>";
		};
		D781859E1BCB551100102759 /* Products */ = {
			isa = PBXGroup;
			children = (
				D781859D1BCB551100102759 /* KVCdemo.app */,
				D78185B61BCB551200102759 /* KVCdemo.xctest */,
				D78185C11BCB551200102759 /* KVCdemo.xctest */,
			);
			name = Products;
			sourceTree = "<group>";
		};
		D781859F1BCB551100102759 /* KVCdemo */ = {
			isa = PBXGroup;
			children = (
				D78185A31BCB551100102759 /* AppDelegate.h */,
				D78185A41BCB551200102759 /* AppDelegate.m */,
				D78185A61BCB551200102759 /* ViewController.h */,
				D78185A71BCB551200102759 /* ViewController.m */,
				D78185D61BCB582000102759 /* NSObject+XTFetchProperty.h */,
				D78185D71BCB582000102759 /* NSObject+XTFetchProperty.m */,
				D757CD841BFC3A2E00335795 /* People */,
				D78185DC1BCCDD5A00102759 /* objects */,
				D78185A91BCB551200102759 /* Main.storyboard */,
				D78185AC1BCB551200102759 /* Assets.xcassets */,
				D78185AE1BCB551200102759 /* LaunchScreen.storyboard */,
				D78185B11BCB551200102759 /* Info.plist */,
				D78185A01BCB551100102759 /* Supporting Files */,
			);
			name = KVCdemo;
			path = FreeTestTemp;
			sourceTree = "<group>";
		};
		D78185A01BCB551100102759 /* Supporting Files */ = {
			isa = PBXGroup;
			children = (
				D78185A11BCB551100102759 /* main.m */,
			);
			name = "Supporting Files";
			sourceTree = "<group>";
		};
		D78185B91BCB551200102759 /* FreeTestTempTests */ = {
			isa = PBXGroup;
			children = (
				D78185BA1BCB551200102759 /* FreeTestTempTests.m */,
				D78185BC1BCB551200102759 /* Info.plist */,
			);
			path = FreeTestTempTests;
			sourceTree = "<group>";
		};
		D78185C41BCB551200102759 /* FreeTestTempUITests */ = {
			isa = PBXGroup;
			children = (
				D78185C51BCB551200102759 /* FreeTestTempUITests.m */,
				D78185C71BCB551200102759 /* Info.plist */,
			);
			path = FreeTestTempUITests;
			sourceTree = "<group>";
		};
		D78185DC1BCCDD5A00102759 /* objects */ = {
			isa = PBXGroup;
			children = (
				D78185D31BCB557100102759 /* ObjWillParsel.h */,
				D78185D41BCB557100102759 /* ObjWillParsel.m */,
				D78185D91BCB676700102759 /* Product.h */,
				D78185DA1BCB676700102759 /* Product.m */,
			);
			name = objects;
			sourceTree = "<group>";
		};
/* End PBXGroup section */

/* Begin PBXNativeTarget section */
		D781859C1BCB551100102759 /* KVCdemo */ = {
			isa = PBXNativeTarget;
			buildConfigurationList = D78185CA1BCB551200102759 /* Build configuration list for PBXNativeTarget "KVCdemo" */;
			buildPhases = (
				D78185991BCB551100102759 /* Sources */,
				D781859A1BCB551100102759 /* Frameworks */,
				D781859B1BCB551100102759 /* Resources */,
			);
			buildRules = (
			);
			dependencies = (
			);
			name = KVCdemo;
			productName = FreeTestTemp;
			productReference = D781859D1BCB551100102759 /* KVCdemo.app */;
			productType = "com.apple.product-type.application";
		};
		D78185B51BCB551200102759 /* KVCdemoTests */ = {
			isa = PBXNativeTarget;
			buildConfigurationList = D78185CD1BCB551200102759 /* Build configuration list for PBXNativeTarget "KVCdemoTests" */;
			buildPhases = (
				D78185B21BCB551200102759 /* Sources */,
				D78185B31BCB551200102759 /* Frameworks */,
				D78185B41BCB551200102759 /* Resources */,
			);
			buildRules = (
			);
			dependencies = (
				D78185B81BCB551200102759 /* PBXTargetDependency */,
			);
			name = KVCdemoTests;
			productName = FreeTestTempTests;
			productReference = D78185B61BCB551200102759 /* KVCdemo.xctest */;
			productType = "com.apple.product-type.bundle.unit-test";
		};
		D78185C01BCB551200102759 /* KVCdemoUITests */ = {
			isa = PBXNativeTarget;
			buildConfigurationList = D78185D01BCB551200102759 /* Build configuration list for PBXNativeTarget "KVCdemoUITests" */;
			buildPhases = (
				D78185BD1BCB551200102759 /* Sources */,
				D78185BE1BCB551200102759 /* Frameworks */,
				D78185BF1BCB551200102759 /* Resources */,
			);
			buildRules = (
			);
			dependencies = (
				D78185C31BCB551200102759 /* PBXTargetDependency */,
			);
			name = KVCdemoUITests;
			productName = FreeTestTempUITests;
			productReference = D78185C11BCB551200102759 /* KVCdemo.xctest */;
			productType = "com.apple.product-type.bundle.ui-testing";
		};
/* End PBXNativeTarget section */

/* Begin PBXProject section */
		D78185951BCB551100102759 /* Project object */ = {
			isa = PBXProject;
			attributes = {
				LastUpgradeCheck = 0700;
				ORGANIZATIONNAME = teason;
				TargetAttributes = {
					D781859C1BCB551100102759 = {
						CreatedOnToolsVersion = 7.0;
					};
					D78185B51BCB551200102759 = {
						CreatedOnToolsVersion = 7.0;
						TestTargetID = D781859C1BCB551100102759;
					};
					D78185C01BCB551200102759 = {
						CreatedOnToolsVersion = 7.0;
						TestTargetID = D781859C1BCB551100102759;
					};
				};
			};
			buildConfigurationList = D78185981BCB551100102759 /* Build configuration list for PBXProject "KVCdemo" */;
			compatibilityVersion = "Xcode 3.2";
			developmentRegion = English;
			hasScannedForEncodings = 0;
			knownRegions = (
				en,
				Base,
			);
			mainGroup = D78185941BCB551100102759;
			productRefGroup = D781859E1BCB551100102759 /* Products */;
			projectDirPath = "";
			projectRoot = "";
			targets = (
				D781859C1BCB551100102759 /* KVCdemo */,
				D78185B51BCB551200102759 /* KVCdemoTests */,
				D78185C01BCB551200102759 /* KVCdemoUITests */,
			);
		};
/* End PBXProject section */

/* Begin PBXResourcesBuildPhase section */
		D781859B1BCB551100102759 /* Resources */ = {
			isa = PBXResourcesBuildPhase;
			buildActionMask = 2147483647;
			files = (
				D78185B01BCB551200102759 /* LaunchScreen.storyboard in Resources */,
				D78185AD1BCB551200102759 /* Assets.xcassets in Resources */,
				D78185AB1BCB551200102759 /* Main.storyboard in Resources */,
			);
			runOnlyForDeploymentPostprocessing = 0;
		};
		D78185B41BCB551200102759 /* Resources */ = {
			isa = PBXResourcesBuildPhase;
			buildActionMask = 2147483647;
			files = (
			);
			runOnlyForDeploymentPostprocessing = 0;
		};
		D78185BF1BCB551200102759 /* Resources */ = {
			isa = PBXResourcesBuildPhase;
			buildActionMask = 2147483647;
			files = (
			);
			runOnlyForDeploymentPostprocessing = 0;
		};
/* End PBXResourcesBuildPhase section */

/* Begin PBXSourcesBuildPhase section */
		D78185991BCB551100102759 /* Sources */ = {
			isa = PBXSourcesBuildPhase;
			buildActionMask = 2147483647;
			files = (
				D78185D51BCB557100102759 /* ObjWillParsel.m in Sources */,
				D757CD8D1BFC3A9900335795 /* Book.m in Sources */,
				D757CD871BFC3A6D00335795 /* Teacher.m in Sources */,
				D78185D81BCB582000102759 /* NSObject+XTFetchProperty.m in Sources */,
				D757CD8A1BFC3A8800335795 /* Student.m in Sources */,
				D78185A81BCB551200102759 /* ViewController.m in Sources */,
				D78185DB1BCB676700102759 /* Product.m in Sources */,
				D78185A51BCB551200102759 /* AppDelegate.m in Sources */,
				D78185A21BCB551100102759 /* main.m in Sources */,
			);
			runOnlyForDeploymentPostprocessing = 0;
		};
		D78185B21BCB551200102759 /* Sources */ = {
			isa = PBXSourcesBuildPhase;
			buildActionMask = 2147483647;
			files = (
				D78185BB1BCB551200102759 /* FreeTestTempTests.m in Sources */,
			);
			runOnlyForDeploymentPostprocessing = 0;
		};
		D78185BD1BCB551200102759 /* Sources */ = {
			isa = PBXSourcesBuildPhase;
			buildActionMask = 2147483647;
			files = (
				D78185C61BCB551200102759 /* FreeTestTempUITests.m in Sources */,
			);
			runOnlyForDeploymentPostprocessing = 0;
		};
/* End PBXSourcesBuildPhase section */

/* Begin PBXTargetDependency section */
		D78185B81BCB551200102759 /* PBXTargetDependency */ = {
			isa = PBXTargetDependency;
			target = D781859C1BCB551100102759 /* KVCdemo */;
			targetProxy = D78185B71BCB551200102759 /* PBXContainerItemProxy */;
		};
		D78185C31BCB551200102759 /* PBXTargetDependency */ = {
			isa = PBXTargetDependency;
			target = D781859C1BCB551100102759 /* KVCdemo */;
			targetProxy = D78185C21BCB551200102759 /* PBXContainerItemProxy */;
		};
/* End PBXTargetDependency section */

/* Begin PBXVariantGroup section */
		D78185A91BCB551200102759 /* Main.storyboard */ = {
			isa = PBXVariantGroup;
			children = (
				D78185AA1BCB551200102759 /* Base */,
			);
			name = Main.storyboard;
			sourceTree = "<group>";
		};
		D78185AE1BCB551200102759 /* LaunchScreen.storyboard */ = {
			isa = PBXVariantGroup;
			children = (
				D78185AF1BCB551200102759 /* Base */,
			);
			name = LaunchScreen.storyboard;
			sourceTree = "<group>";
		};
/* End PBXVariantGroup section */

/* Begin XCBuildConfiguration section */
		D78185C81BCB551200102759 /* Debug */ = {
			isa = XCBuildConfiguration;
			buildSettings = {
				ALWAYS_SEARCH_USER_PATHS = NO;
				CLANG_CXX_LANGUAGE_STANDARD = "gnu++0x";
				CLANG_CXX_LIBRARY = "libc++";
				CLANG_ENABLE_MODULES = YES;
				CLANG_ENABLE_OBJC_ARC = YES;
				CLANG_WARN_BOOL_CONVERSION = YES;
				CLANG_WARN_CONSTANT_CONVERSION = YES;
				CLANG_WARN_DIRECT_OBJC_ISA_USAGE = YES_ERROR;
				CLANG_WARN_EMPTY_BODY = YES;
				CLANG_WARN_ENUM_CONVERSION = YES;
				CLANG_WARN_INT_CONVERSION = YES;
				CLANG_WARN_OBJC_ROOT_CLASS = YES_ERROR;
				CLANG_WARN_UNREACHABLE_CODE = YES;
				CLANG_WARN__DUPLICATE_METHOD_MATCH = YES;
				"CODE_SIGN_IDENTITY[sdk=iphoneos*]" = "iPhone Developer";
				COPY_PHASE_STRIP = NO;
				DEBUG_INFORMATION_FORMAT = dwarf;
				ENABLE_STRICT_OBJC_MSGSEND = YES;
				ENABLE_TESTABILITY = YES;
				GCC_C_LANGUAGE_STANDARD = gnu99;
				GCC_DYNAMIC_NO_PIC = NO;
				GCC_NO_COMMON_BLOCKS = YES;
				GCC_OPTIMIZATION_LEVEL = 0;
				GCC_PREPROCESSOR_DEFINITIONS = (
					"DEBUG=1",
					"$(inherited)",
				);
				GCC_WARN_64_TO_32_BIT_CONVERSION = YES;
				GCC_WARN_ABOUT_RETURN_TYPE = YES_ERROR;
				GCC_WARN_UNDECLARED_SELECTOR = YES;
				GCC_WARN_UNINITIALIZED_AUTOS = YES_AGGRESSIVE;
				GCC_WARN_UNUSED_FUNCTION = YES;
				GCC_WARN_UNUSED_VARIABLE = YES;
				IPHONEOS_DEPLOYMENT_TARGET = 9.0;
				MTL_ENABLE_DEBUG_INFO = YES;
				ONLY_ACTIVE_ARCH = YES;
				SDKROOT = iphoneos;
				TARGETED_DEVICE_FAMILY = "1,2";
			};
			name = Debug;
		};
		D78185C91BCB551200102759 /* Release */ = {
			isa = XCBuildConfiguration;
			buildSettings = {
				ALWAYS_SEARCH_USER_PATHS = NO;
				CLANG_CXX_LANGUAGE_STANDARD = "gnu++0x";
				CLANG_CXX_LIBRARY = "libc++";
				CLANG_ENABLE_MODULES = YES;
				CLANG_ENABLE_OBJC_ARC = YES;
				CLANG_WARN_BOOL_CONVERSION = YES;
				CLANG_WARN_CONSTANT_CONVERSION = YES;
				CLANG_WARN_DIRECT_OBJC_ISA_USAGE = YES_ERROR;
				CLANG_WARN_EMPTY_BODY = YES;
				CLANG_WARN_ENUM_CONVERSION = YES;
				CLANG_WARN_INT_CONVERSION = YES;
				CLANG_WARN_OBJC_ROOT_CLASS = YES_ERROR;
				CLANG_WARN_UNREACHABLE_CODE = YES;
				CLANG_WARN__DUPLICATE_METHOD_MATCH = YES;
				"CODE_SIGN_IDENTITY[sdk=iphoneos*]" = "iPhone Developer";
				COPY_PHASE_STRIP = NO;
				DEBUG_INFORMATION_FORMAT = "dwarf-with-dsym";
				ENABLE_NS_ASSERTIONS = NO;
				ENABLE_STRICT_OBJC_MSGSEND = YES;
				GCC_C_LANGUAGE_STANDARD = gnu99;
				GCC_NO_COMMON_BLOCKS = YES;
				GCC_WARN_64_TO_32_BIT_CONVERSION = YES;
				GCC_WARN_ABOUT_RETURN_TYPE = YES_ERROR;
				GCC_WARN_UNDECLARED_SELECTOR = YES;
				GCC_WARN_UNINITIALIZED_AUTOS = YES_AGGRESSIVE;
				GCC_WARN_UNUSED_FUNCTION = YES;
				GCC_WARN_UNUSED_VARIABLE = YES;
				IPHONEOS_DEPLOYMENT_TARGET = 9.0;
				MTL_ENABLE_DEBUG_INFO = NO;
				SDKROOT = iphoneos;
				TARGETED_DEVICE_FAMILY = "1,2";
				VALIDATE_PRODUCT = YES;
			};
			name = Release;
		};
		D78185CB1BCB551200102759 /* Debug */ = {
			isa = XCBuildConfiguration;
			buildSettings = {
				ASSETCATALOG_COMPILER_APPICON_NAME = AppIcon;
				INFOPLIST_FILE = FreeTestTemp/Info.plist;
				LD_RUNPATH_SEARCH_PATHS = "$(inherited) @executable_path/Frameworks";
				PRODUCT_BUNDLE_IDENTIFIER = zzz.FreeTestTemp;
				PRODUCT_NAME = KVCdemo;
			};
			name = Debug;
		};
		D78185CC1BCB551200102759 /* Release */ = {
			isa = XCBuildConfiguration;
			buildSettings = {
				ASSETCATALOG_COMPILER_APPICON_NAME = AppIcon;
				INFOPLIST_FILE = FreeTestTemp/Info.plist;
				LD_RUNPATH_SEARCH_PATHS = "$(inherited) @executable_path/Frameworks";
				PRODUCT_BUNDLE_IDENTIFIER = zzz.FreeTestTemp;
				PRODUCT_NAME = KVCdemo;
			};
			name = Release;
		};
		D78185CE1BCB551200102759 /* Debug */ = {
			isa = XCBuildConfiguration;
			buildSettings = {
				BUNDLE_LOADER = "$(TEST_HOST)";
				INFOPLIST_FILE = FreeTestTempTests/Info.plist;
				LD_RUNPATH_SEARCH_PATHS = "$(inherited) @executable_path/Frameworks @loader_path/Frameworks";
				PRODUCT_BUNDLE_IDENTIFIER = zzz.FreeTestTempTests;
				PRODUCT_NAME = KVCdemo;
				TEST_HOST = "$(BUILT_PRODUCTS_DIR)/KVCdemo.app/KVCdemo";
			};
			name = Debug;
		};
		D78185CF1BCB551200102759 /* Release */ = {
			isa = XCBuildConfiguration;
			buildSettings = {
				BUNDLE_LOADER = "$(TEST_HOST)";
				INFOPLIST_FILE = FreeTestTempTests/Info.plist;
				LD_RUNPATH_SEARCH_PATHS = "$(inherited) @executable_path/Frameworks @loader_path/Frameworks";
				PRODUCT_BUNDLE_IDENTIFIER = zzz.FreeTestTempTests;
				PRODUCT_NAME = KVCdemo;
				TEST_HOST = "$(BUILT_PRODUCTS_DIR)/KVCdemo.app/KVCdemo";
			};
			name = Release;
		};
		D78185D11BCB551200102759 /* Debug */ = {
			isa = XCBuildConfiguration;
			buildSettings = {
				INFOPLIST_FILE = FreeTestTempUITests/Info.plist;
				LD_RUNPATH_SEARCH_PATHS = "$(inherited) @executable_path/Frameworks @loader_path/Frameworks";
				PRODUCT_BUNDLE_IDENTIFIER = zzz.FreeTestTempUITests;
				PRODUCT_NAME = KVCdemo;
				TEST_TARGET_NAME = FreeTestTemp;
				USES_XCTRUNNER = YES;
			};
			name = Debug;
		};
		D78185D21BCB551200102759 /* Release */ = {
			isa = XCBuildConfiguration;
			buildSettings = {
				INFOPLIST_FILE = FreeTestTempUITests/Info.plist;
				LD_RUNPATH_SEARCH_PATHS = "$(inherited) @executable_path/Frameworks @loader_path/Frameworks";
				PRODUCT_BUNDLE_IDENTIFIER = zzz.FreeTestTempUITests;
				PRODUCT_NAME = KVCdemo;
				TEST_TARGET_NAME = FreeTestTemp;
				USES_XCTRUNNER = YES;
			};
			name = Release;
		};
/* End XCBuildConfiguration section */

/* Begin XCConfigurationList section */
		D78185981BCB551100102759 /* Build configuration list for PBXProject "KVCdemo" */ = {
			isa = XCConfigurationList;
			buildConfigurations = (
				D78185C81BCB551200102759 /* Debug */,
				D78185C91BCB551200102759 /* Release */,
			);
			defaultConfigurationIsVisible = 0;
			defaultConfigurationName = Release;
		};
		D78185CA1BCB551200102759 /* Build configuration list for PBXNativeTarget "KVCdemo" */ = {
			isa = XCConfigurationList;
			buildConfigurations = (
				D78185CB1BCB551200102759 /* Debug */,
				D78185CC1BCB551200102759 /* Release */,
			);
			defaultConfigurationIsVisible = 0;
			defaultConfigurationName = Release;
		};
		D78185CD1BCB551200102759 /* Build configuration list for PBXNativeTarget "KVCdemoTests" */ = {
			isa = XCConfigurationList;
			buildConfigurations = (
				D78185CE1BCB551200102759 /* Debug */,
				D78185CF1BCB551200102759 /* Release */,
			);
			defaultConfigurationIsVisible = 0;
			defaultConfigurationName = Release;
		};
		D78185D01BCB551200102759 /* Build configuration list for PBXNativeTarget "KVCdemoUITests" */ = {
			isa = XCConfigurationList;
			buildConfigurations = (
				D78185D11BCB551200102759 /* Debug */,
				D78185D21BCB551200102759 /* Release */,
			);
			defaultConfigurationIsVisible = 0;
			defaultConfigurationName = Release;
		};
/* End XCConfigurationList section */
	};
	rootObject = D78185951BCB551100102759 /* Project object */;
}
